hash: 3b144c338cd3698072a0d55737c3eac4803a96e151c8ce779cf17d3fd2f0dd4a
updated: 2018-08-09T13:40:44.516460612+08:00
imports:
- name: github.com/bwmarrin/snowflake
  version: 68117e6bbede4dd72d70c7a58d73348ead068509
- name: github.com/fatih/color
  version: 507f6050b8568533fb3f5504de8e5205fa62a114
- name: github.com/go-clog/clog
  version: 3bc2eaba5fa35df0338549cc1180dc45f6fc2a16
- name: github.com/go-redis/redis
  version: 480db94d33e6088e08d628833b6c0705451d24bb
  subpackages:
  - internal
  - internal/consistenthash
  - internal/hashtag
  - internal/pool
  - internal/proto
  - internal/singleflight
  - internal/util
- name: github.com/julienschmidt/httprouter
  version: 8c199fb6259ffc1af525cc3ad52ee60ba8359669
- name: github.com/mattn/go-colorable
  version: efa589957cd060542a26d2dd7832fd6a6c6c3ade
- name: github.com/mattn/go-isatty
  version: 6ca4dbf54d38eea1a992b3c722a76a5d1c4cb25c
- name: github.com/petermattis/goid
  version: b0b1615b78e5ee59739545bb38426383b2cda4c9
- name: github.com/Unknwon/goconfig
  version: ef1e4c783f8f0478bd8bff0edb3dd0bade552599
- name: github.com/urfave/cli
  version: cfb38830724cc34fedffe9a2a29fb54fa9169cd1
- name: github.com/zserge/metric
  version: 97e3019af51acba148e6234f10c443d7d3521069
- name: golang.org/x/sys
  version: 91ee8cde435411ca3f1cd365e8f20131aed4d0a1
  subpackages:
  - unix
testImports: []
